
Microsoft Visual Studio Solution File, Format Version 12.00
# Visual Studio Version 16
VisualStudioVersion = 16.0.31702.278
MinimumVisualStudioVersion = 10.0.40219.1
Project("{9A19103F-16F7-4668-BE54-9A1E7A4F7556}") = "WorldCities", "WorldCities\WorldCities.csproj", "{42B25E53-928F-46C6-B371-885A7C33F508}"
EndProject
Global
	GlobalSection(SolutionConfigurationPlatforms) = preSolution
		Debug|Any CPU = Debug|Any CPU
		Release|Any CPU = Release|Any CPU
	EndGlobalSection
	GlobalSection(ProjectConfigurationPlatforms) = postSolution
		{42B25E53-928F-46C6-B371-885A7C33F508}.Debug|Any CPU.ActiveCfg = Debug|Any CPU
		{42B25E53-928F-46C6-B371-885A7C33F508}.Debug|Any CPU.Build.0 = Debug|Any CPU
		{42B25E53-928F-46C6-B371-885A7C33F508}.Release|Any CPU.ActiveCfg = Release|Any CPU
		{42B25E53-928F-46C6-B371-885A7C33F508}.Release|Any CPU.Build.0 = Release|Any CPU
	EndGlobalSection
	GlobalSection(SolutionProperties) = preSolution
		HideSolutionNode = FALSE
	EndGlobalSection
	GlobalSection(ExtensibilityGlobals) = postSolution
		SolutionGuid = {2CD709BE-2E48-4355-A286-807A4EEAB099}
	EndGlobalSection
EndGlobal
